# This file is automatically @generated by Cargo.
# It is not intended for manual editing.
version = 3

[[package]]
name = "cw3"
version = "0.1.0"
dependencies = [
 "numerals",
]

[[package]]
name = "numerals"
version = "0.1.4"
source = "registry+https://github.com/rust-lang/crates.io-index"
checksum = "e25be21376a772d15f97ae789845340a9651d3c4246ff5ebb6a2b35f9c37bd31"
